
Microsoft Visual Studio Solution File, Format Version 12.00
# Visual Studio 14
VisualStudioVersion = 14.0.25420.1
MinimumVisualStudioVersion = 10.0.40219.1
Project("{2150E333-8FDC-42A3-9474-1A3956D46DE8}") = "src", "src", "{2F5FF3FF-0750-43BA-A086-74F2A0A06E8B}"
EndProject
Project("{2150E333-8FDC-42A3-9474-1A3956D46DE8}") = "Solution Items", "Solution Items", "{3E23B653-A701-4B86-A85B-96598556E27B}"
	ProjectSection(SolutionItems) = preProject
		global.json = global.json
	EndProjectSection
EndProject
Project("{8BB2217D-0F2D-49D1-97BC-3654ED321F3B}") = "PizzaStore", "src\PizzaStore\PizzaStore.xproj", "{1189F4E9-A1BD-43B3-B953-A10423A1BCE4}"
EndProject
Global
	GlobalSection(SolutionConfigurationPlatforms) = preSolution
		Debug|Any CPU = Debug|Any CPU
		Release|Any CPU = Release|Any CPU
	EndGlobalSection
	GlobalSection(ProjectConfigurationPlatforms) = postSolution
		{1189F4E9-A1BD-43B3-B953-A10423A1BCE4}.Debug|Any CPU.ActiveCfg = Debug|Any CPU
		{1189F4E9-A1BD-43B3-B953-A10423A1BCE4}.Debug|Any CPU.Build.0 = Debug|Any CPU
		{1189F4E9-A1BD-43B3-B953-A10423A1BCE4}.Release|Any CPU.ActiveCfg = Release|Any CPU
		{1189F4E9-A1BD-43B3-B953-A10423A1BCE4}.Release|Any CPU.Build.0 = Release|Any CPU
	EndGlobalSection
	GlobalSection(SolutionProperties) = preSolution
		HideSolutionNode = FALSE
	EndGlobalSection
	GlobalSection(NestedProjects) = preSolution
		{1189F4E9-A1BD-43B3-B953-A10423A1BCE4} = {2F5FF3FF-0750-43BA-A086-74F2A0A06E8B}
	EndGlobalSection
EndGlobal
